<Solution>
  <Project Path="BooklyShop.BusinessLogicLayer/BooklyShop.BusinessLogicLayer.csproj" Id="dfe34bd8-73b2-482b-9751-600c4d390fd7" />
  <Project Path="BooklyShop.BusinessObject/BooklyShop.BusinessObject.csproj" Id="da4006c3-d856-4579-9b05-1030fd420c76" />
  <Project Path="BooklyShop.DataAccessLayer/BooklyShop.DataAccessLayer.csproj" Id="916e4751-acde-4a4c-8d60-e1f273b783ea" />
  <Project Path="BooklyShop.Presentation/BooklyShop.Presentation.csproj" />
  <Project Path="BooklyShop.SharedLibrary/BooklyShop.SharedLibrary.csproj" Id="4d3bf02d-620b-4179-b53b-e419bfa313f4" />
</Solution>
